// !$*UTF8*$!
{
	archiveVersion = 1;
	classes = {
	};
	objectVersion = 77;
	objects = {

/* Begin PBXContainerItemProxy section */
		D40F6FF22D21961A0059B7A7 /* PBXContainerItemProxy */ = {
			isa = PBXContainerItemProxy;
			containerPortal = D40F6FD52D2196180059B7A7 /* Project object */;
			proxyType = 1;
			remoteGlobalIDString = D40F6FDC2D2196180059B7A7;
			remoteInfo = MyRecallApp;
		};
		D40F6FFC2D21961A0059B7A7 /* PBXContainerItemProxy */ = {
			isa = PBXContainerItemProxy;
			containerPortal = D40F6FD52D2196180059B7A7 /* Project object */;
			proxyType = 1;
			remoteGlobalIDString = D40F6FDC2D2196180059B7A7;
			remoteInfo = MyRecallApp;
		};
/* End PBXContainerItemProxy section */

/* Begin PBXFileReference section */
		D40F6FDD2D2196180059B7A7 /* MyRecallApp.app */ = {isa = PBXFileReference; explicitFileType = wrapper.application; includeInIndex = 0; path = MyRecallApp.app; sourceTree = BUILT_PRODUCTS_DIR; };
		D40F6FF12D21961A0059B7A7 /* MyRecallAppTests.xctest */ = {isa = PBXFileReference; explicitFileType = wrapper.cfbundle; includeInIndex = 0; path = MyRecallAppTests.xctest; sourceTree = BUILT_PRODUCTS_DIR; };
		D40F6FFB2D21961A0059B7A7 /* MyRecallAppUITests.xctest */ = {isa = PBXFileReference; explicitFileType = wrapper.cfbundle; includeInIndex = 0; path = MyRecallAppUITests.xctest; sourceTree = BUILT_PRODUCTS_DIR; };
/* End PBXFileReference section */

/* Begin PBXFileSystemSynchronizedBuildFileExceptionSet section */
		D40F70032D21961A0059B7A7 /* Exceptions for "MyRecallApp" folder in "MyRecallApp" target */ = {
			isa = PBXFileSystemSynchronizedBuildFileExceptionSet;
			membershipExceptions = (
				Info.plist,
			);
			target = D40F6FDC2D2196180059B7A7 /* MyRecallApp */;
		};
/* End PBXFileSystemSynchronizedBuildFileExceptionSet section */

/* Begin PBXFileSystemSynchronizedRootGroup section */
		D40F6FDF2D2196180059B7A7 /* MyRecallApp */ = {
			isa = PBXFileSystemSynchronizedRootGroup;
			exceptions = (
				D40F70032D21961A0059B7A7 /* Exceptions for "MyRecallApp" folder in "MyRecallApp" target */,
			);
			path = MyRecallApp;
			sourceTree = "<group>";
		};
		D40F6FF42D21961A0059B7A7 /* MyRecallAppTests */ = {
			isa = PBXFileSystemSynchronizedRootGroup;
			path = MyRecallAppTests;
			sourceTree = "<group>";
		};
		D40F6FFE2D21961A0059B7A7 /* MyRecallAppUITests */ = {
			isa = PBXFileSystemSynchronizedRootGroup;
			path = MyRecallAppUITests;
			sourceTree = "<group>";
		};
/* End PBXFileSystemSynchronizedRootGroup section */

/* Begin PBXFrameworksBuildPhase section */
		D40F6FDA2D2196180059B7A7 /* Frameworks */ = {
			isa = PBXFrameworksBuildPhase;
			buildActionMask = 2147483647;
			files = (
			);
			runOnlyForDeploymentPostprocessing = 0;
		};
		D40F6FEE2D21961A0059B7A7 /* Frameworks */ = {
			isa = PBXFrameworksBuildPhase;
			buildActionMask = 2147483647;
			files = (
			);
			runOnlyForDeploymentPostprocessing = 0;
		};
		D40F6FF82D21961A0059B7A7 /* Frameworks */ = {
			isa = PBXFrameworksBuildPhase;
			buildActionMask = 2147483647;
			files = (
			);
			runOnlyForDeploymentPostprocessing = 0;
		};
/* End PBXFrameworksBuildPhase section */

/* Begin PBXGroup section */
		D40F6FD42D2196180059B7A7 = {
			isa = PBXGroup;
			children = (
				D40F6FDF2D2196180059B7A7 /* MyRecallApp */,
				D40F6FF42D21961A0059B7A7 /* MyRecallAppTests */,
				D40F6FFE2D21961A0059B7A7 /* MyRecallAppUITests */,
				D40F6FDE2D2196180059B7A7 /* Products */,
			);
			sourceTree = "<group>";
		};
		D40F6FDE2D2196180059B7A7 /* Products */ = {
			isa = PBXGroup;
			children = (
				D40F6FDD2D2196180059B7A7 /* MyRecallApp.app */,
				D40F6FF12D21961A0059B7A7 /* MyRecallAppTests.xctest */,
				D40F6FFB2D21961A0059B7A7 /* MyRecallAppUITests.xctest */,
			);
			name = Products;
			sourceTree = "<group>";
		};
/* End PBXGroup section */

/* Begin PBXNativeTarget section */
		D40F6FDC2D2196180059B7A7 /* MyRecallApp */ = {
			isa = PBXNativeTarget;
			buildConfigurationList = D40F70042D21961A0059B7A7 /* Build configuration list for PBXNativeTarget "MyRecallApp" */;
			buildPhases = (
				D40F6FD92D2196180059B7A7 /* Sources */,
				D40F6FDA2D2196180059B7A7 /* Frameworks */,
				D40F6FDB2D2196180059B7A7 /* Resources */,
			);
			buildRules = (
			);
			dependencies = (
			);
			fileSystemSynchronizedGroups = (
				D40F6FDF2D2196180059B7A7 /* MyRecallApp */,
			);
			name = MyRecallApp;
			packageProductDependencies = (
			);
			productName = MyRecallApp;
			productReference = D40F6FDD2D2196180059B7A7 /* MyRecallApp.app */;
			productType = "com.apple.product-type.application";
		};
		D40F6FF02D21961A0059B7A7 /* MyRecallAppTests */ = {
			isa = PBXNativeTarget;
			buildConfigurationList = D40F70092D21961A0059B7A7 /* Build configuration list for PBXNativeTarget "MyRecallAppTests" */;
			buildPhases = (
				D40F6FED2D21961A0059B7A7 /* Sources */,
				D40F6FEE2D21961A0059B7A7 /* Frameworks */,
				D40F6FEF2D21961A0059B7A7 /* Resources */,
			);
			buildRules = (
			);
			dependencies = (
				D40F6FF32D21961A0059B7A7 /* PBXTargetDependency */,
			);
			fileSystemSynchronizedGroups = (
				D40F6FF42D21961A0059B7A7 /* MyRecallAppTests */,
			);
			name = MyRecallAppTests;
			packageProductDependencies = (
			);
			productName = MyRecallAppTests;
			productReference = D40F6FF12D21961A0059B7A7 /* MyRecallAppTests.xctest */;
			productType = "com.apple.product-type.bundle.unit-test";
		};
		D40F6FFA2D21961A0059B7A7 /* MyRecallAppUITests */ = {
			isa = PBXNativeTarget;
			buildConfigurationList = D40F700C2D21961A0059B7A7 /* Build configuration list for PBXNativeTarget "MyRecallAppUITests" */;
			buildPhases = (
				D40F6FF72D21961A0059B7A7 /* Sources */,
				D40F6FF82D21961A0059B7A7 /* Frameworks */,
				D40F6FF92D21961A0059B7A7 /* Resources */,
			);
			buildRules = (
			);
			dependencies = (
				D40F6FFD2D21961A0059B7A7 /* PBXTargetDependency */,
			);
			fileSystemSynchronizedGroups = (
				D40F6FFE2D21961A0059B7A7 /* MyRecallAppUITests */,
			);
			name = MyRecallAppUITests;
			packageProductDependencies = (
			);
			productName = MyRecallAppUITests;
			productReference = D40F6FFB2D21961A0059B7A7 /* MyRecallAppUITests.xctest */;
			productType = "com.apple.product-type.bundle.ui-testing";
		};
/* End PBXNativeTarget section */

/* Begin PBXProject section */
		D40F6FD52D2196180059B7A7 /* Project object */ = {
			isa = PBXProject;
			attributes = {
				BuildIndependentTargetsInParallel = 1;
				LastSwiftUpdateCheck = 1620;
				LastUpgradeCheck = 1620;
				TargetAttributes = {
					D40F6FDC2D2196180059B7A7 = {
						CreatedOnToolsVersion = 16.2;
					};
					D40F6FF02D21961A0059B7A7 = {
						CreatedOnToolsVersion = 16.2;
						TestTargetID = D40F6FDC2D2196180059B7A7;
					};
					D40F6FFA2D21961A0059B7A7 = {
						CreatedOnToolsVersion = 16.2;
						TestTargetID = D40F6FDC2D2196180059B7A7;
					};
				};
			};
			buildConfigurationList = D40F6FD82D2196180059B7A7 /* Build configuration list for PBXProject "MyRecallApp" */;
			developmentRegion = en;
			hasScannedForEncodings = 0;
			knownRegions = (
				en,
				Base,
			);
			mainGroup = D40F6FD42D2196180059B7A7;
			minimizedProjectReferenceProxies = 1;
			preferredProjectObjectVersion = 77;
			productRefGroup = D40F6FDE2D2196180059B7A7 /* Products */;
			projectDirPath = "";
			projectRoot = "";
			targets = (
				D40F6FDC2D2196180059B7A7 /* MyRecallApp */,
				D40F6FF02D21961A0059B7A7 /* MyRecallAppTests */,
				D40F6FFA2D21961A0059B7A7 /* MyRecallAppUITests */,
			);
		};
/* End PBXProject section */

/* Begin PBXResourcesBuildPhase section */
		D40F6FDB2D2196180059B7A7 /* Resources */ = {
			isa = PBXResourcesBuildPhase;
			buildActionMask = 2147483647;
			files = (
			);
			runOnlyForDeploymentPostprocessing = 0;
		};
		D40F6FEF2D21961A0059B7A7 /* Resources */ = {
			isa = PBXResourcesBuildPhase;
			buildActionMask = 2147483647;
			files = (
			);
			runOnlyForDeploymentPostprocessing = 0;
		};
		D40F6FF92D21961A0059B7A7 /* Resources */ = {
			isa = PBXResourcesBuildPhase;
			buildActionMask = 2147483647;
			files = (
			);
			runOnlyForDeploymentPostprocessing = 0;
		};
/* End PBXResourcesBuildPhase section */

/* Begin PBXSourcesBuildPhase section */
		D40F6FD92D2196180059B7A7 /* Sources */ = {
			isa = PBXSourcesBuildPhase;
			buildActionMask = 2147483647;
			files = (
			);
			runOnlyForDeploymentPostprocessing = 0;
		};
		D40F6FED2D21961A0059B7A7 /* Sources */ = {
			isa = PBXSourcesBuildPhase;
			buildActionMask = 2147483647;
			files = (
			);
			runOnlyForDeploymentPostprocessing = 0;
		};
		D40F6FF72D21961A0059B7A7 /* Sources */ = {
			isa = PBXSourcesBuildPhase;
			buildActionMask = 2147483647;
			files = (
			);
			runOnlyForDeploymentPostprocessing = 0;
		};
/* End PBXSourcesBuildPhase section */

/* Begin PBXTargetDependency section */
		D40F6FF32D21961A0059B7A7 /* PBXTargetDependency */ = {
			isa = PBXTargetDependency;
			target = D40F6FDC2D2196180059B7A7 /* MyRecallApp */;
			targetProxy = D40F6FF22D21961A0059B7A7 /* PBXContainerItemProxy */;
		};
		D40F6FFD2D21961A0059B7A7 /* PBXTargetDependency */ = {
			isa = PBXTargetDependency;
			target = D40F6FDC2D2196180059B7A7 /* MyRecallApp */;
			targetProxy = D40F6FFC2D21961A0059B7A7 /* PBXContainerItemProxy */;
		};
/* End PBXTargetDependency section */

/* Begin XCBuildConfiguration section */
		D40F70052D21961A0059B7A7 /* Debug */ = {
			isa = XCBuildConfiguration;
			buildSettings = {
				ASSETCATALOG_COMPILER_APPICON_NAME = AppIcon;
				ASSETCATALOG_COMPILER_GLOBAL_ACCENT_COLOR_NAME = AccentColor;
				CODE_SIGN_ENTITLEMENTS = MyRecallApp/MyRecallApp.entitlements;
				CODE_SIGN_STYLE = Automatic;
				CURRENT_PROJECT_VERSION = 1;
				DEVELOPMENT_ASSET_PATHS = "\"MyRecallApp/Preview Content\"";
				DEVELOPMENT_TEAM = 3SPAAQ6SK2;
				ENABLE_PREVIEWS = YES;
				GENERATE_INFOPLIST_FILE = YES;
				INFOPLIST_FILE = MyRecallApp/Info.plist;
				INFOPLIST_KEY_UIApplicationSceneManifest_Generation = YES;
				INFOPLIST_KEY_UIApplicationSupportsIndirectInputEvents = YES;
				INFOPLIST_KEY_UILaunchScreen_Generation = YES;
				INFOPLIST_KEY_UISupportedInterfaceOrientations_iPad = "UIInterfaceOrientationPortrait UIInterfaceOrientationPortraitUpsideDown UIInterfaceOrientationLandscapeLeft UIInterfaceOrientationLandscapeRight";
				INFOPLIST_KEY_UISupportedInterfaceOrientations_iPhone = "UIInterfaceOrientationPortrait UIInterfaceOrientationLandscapeLeft UIInterfaceOrientationLandscapeRight";
				LD_RUNPATH_SEARCH_PATHS = (
					"$(inherited)",
					"@executable_path/Frameworks",
				);
				MARKETING_VERSION = 1.0;
				PRODUCT_BUNDLE_IDENTIFIER = com.goedman.MyRecallApp;
				PRODUCT_NAME = "$(TARGET_NAME)";
				SWIFT_EMIT_LOC_STRINGS = YES;
				SWIFT_VERSION = 5.0;
				TARGETED_DEVICE_FAMILY = "1,2";
			};
			name = Debug;
		};
		D40F70062D21961A0059B7A7 /* Release */ = {
			isa = XCBuildConfiguration;
			buildSettings = {
				ASSETCATALOG_COMPILER_APPICON_NAME = AppIcon;
				ASSETCATALOG_COMPILER_GLOBAL_ACCENT_COLOR_NAME = AccentColor;
				CODE_SIGN_ENTITLEMENTS = MyRecallApp/MyRecallApp.entitlements;
				CODE_SIGN_STYLE = Automatic;
				CURRENT_PROJECT_VERSION = 1;
				DEVELOPMENT_ASSET_PATHS = "\"MyRecallApp/Preview Content\"";
				DEVELOPMENT_TEAM = 3SPAAQ6SK2;
				ENABLE_PREVIEWS = YES;
				GENERATE_INFOPLIST_FILE = YES;
				INFOPLIST_FILE = MyRecallApp/Info.plist;
				INFOPLIST_KEY_UIApplicationSceneManifest_Generation = YES;
				INFOPLIST_KEY_UIApplicationSupportsIndirectInputEvents = YES;
				INFOPLIST_KEY_UILaunchScreen_Generation = YES;
				INFOPLIST_KEY_UISupportedInterfaceOrientations_iPad = "UIInterfaceOrientationPortrait UIInterfaceOrientationPortraitUpsideDown UIInterfaceOrientationLandscapeLeft UIInterfaceOrientationLandscapeRight";
				INFOPLIST_KEY_UISupportedInterfaceOrientations_iPhone = "UIInterfaceOrientationPortrait UIInterfaceOrientationLandscapeLeft UIInterfaceOrientationLandscapeRight";
				LD_RUNPATH_SEARCH_PATHS = (
					"$(inherited)",
					"@executable_path/Frameworks",
				);
				MARKETING_VERSION = 1.0;
				PRODUCT_BUNDLE_IDENTIFIER = com.goedman.MyRecallApp;
				PRODUCT_NAME = "$(TARGET_NAME)";
				SWIFT_EMIT_LOC_STRINGS = YES;
				SWIFT_VERSION = 5.0;
				TARGETED_DEVICE_FAMILY = "1,2";
			};
			name = Release;
		};
		D40F70072D21961A0059B7A7 /* Debug */ = {
			isa = XCBuildConfiguration;
			buildSettings = {
				ALWAYS_SEARCH_USER_PATHS = NO;
				ASSETCATALOG_COMPILER_GENERATE_SWIFT_ASSET_SYMBOL_EXTENSIONS = YES;
				CLANG_ANALYZER_NONNULL = YES;
				CLANG_ANALYZER_NUMBER_OBJECT_CONVERSION = YES_AGGRESSIVE;
				CLANG_CXX_LANGUAGE_STANDARD = "gnu++20";
				CLANG_ENABLE_MODULES = YES;
				CLANG_ENABLE_OBJC_ARC = YES;
				CLANG_ENABLE_OBJC_WEAK = YES;
				CLANG_WARN_BLOCK_CAPTURE_AUTORELEASING = YES;
				CLANG_WARN_BOOL_CONVERSION = YES;
				CLANG_WARN_COMMA = YES;
				CLANG_WARN_CONSTANT_CONVERSION = YES;
				CLANG_WARN_DEPRECATED_OBJC_IMPLEMENTATIONS = YES;
				CLANG_WARN_DIRECT_OBJC_ISA_USAGE = YES_ERROR;
				CLANG_WARN_DOCUMENTATION_COMMENTS = YES;
				CLANG_WARN_EMPTY_BODY = YES;
				CLANG_WARN_ENUM_CONVERSION = YES;
				CLANG_WARN_INFINITE_RECURSION = YES;
				CLANG_WARN_INT_CONVERSION = YES;
				CLANG_WARN_NON_LITERAL_NULL_CONVERSION = YES;
				CLANG_WARN_OBJC_IMPLICIT_RETAIN_SELF = YES;
				CLANG_WARN_OBJC_LITERAL_CONVERSION = YES;
				CLANG_WARN_OBJC_ROOT_CLASS = YES_ERROR;
				CLANG_WARN_QUOTED_INCLUDE_IN_FRAMEWORK_HEADER = YES;
				CLANG_WARN_RANGE_LOOP_ANALYSIS = YES;
				CLANG_WARN_STRICT_PROTOTYPES = YES;
				CLANG_WARN_SUSPICIOUS_MOVE = YES;
				CLANG_WARN_UNGUARDED_AVAILABILITY = YES_AGGRESSIVE;
				CLANG_WARN_UNREACHABLE_CODE = YES;
				CLANG_WARN__DUPLICATE_METHOD_MATCH = YES;
				COPY_PHASE_STRIP = NO;
				DEBUG_INFORMATION_FORMAT = dwarf;
				ENABLE_STRICT_OBJC_MSGSEND = YES;
				ENABLE_TESTABILITY = YES;
				ENABLE_USER_SCRIPT_SANDBOXING = YES;
				GCC_C_LANGUAGE_STANDARD = gnu17;
				GCC_DYNAMIC_NO_PIC = NO;
				GCC_NO_COMMON_BLOCKS = YES;
				GCC_OPTIMIZATION_LEVEL = 0;
				GCC_PREPROCESSOR_DEFINITIONS = (
					"DEBUG=1",
					"$(inherited)",
				);
				GCC_WARN_64_TO_32_BIT_CONVERSION = YES;
				GCC_WARN_ABOUT_RETURN_TYPE = YES_ERROR;
				GCC_WARN_UNDECLARED_SELECTOR = YES;
				GCC_WARN_UNINITIALIZED_AUTOS = YES_AGGRESSIVE;
				GCC_WARN_UNUSED_FUNCTION = YES;
				GCC_WARN_UNUSED_VARIABLE = YES;
				IPHONEOS_DEPLOYMENT_TARGET = 18.2;
				LOCALIZATION_PREFERS_STRING_CATALOGS = YES;
				MTL_ENABLE_DEBUG_INFO = INCLUDE_SOURCE;
				MTL_FAST_MATH = YES;
				ONLY_ACTIVE_ARCH = YES;
				SDKROOT = iphoneos;
				SWIFT_ACTIVE_COMPILATION_CONDITIONS = "DEBUG $(inherited)";
				SWIFT_OPTIMIZATION_LEVEL = "-Onone";
			};
			name = Debug;
		};
		D40F70082D21961A0059B7A7 /* Release */ = {
			isa = XCBuildConfiguration;
			buildSettings = {
				ALWAYS_SEARCH_USER_PATHS = NO;
				ASSETCATALOG_COMPILER_GENERATE_SWIFT_ASSET_SYMBOL_EXTENSIONS = YES;
				CLANG_ANALYZER_NONNULL = YES;
				CLANG_ANALYZER_NUMBER_OBJECT_CONVERSION = YES_AGGRESSIVE;
				CLANG_CXX_LANGUAGE_STANDARD = "gnu++20";
				CLANG_ENABLE_MODULES = YES;
				CLANG_ENABLE_OBJC_ARC = YES;
				CLANG_ENABLE_OBJC_WEAK = YES;
				CLANG_WARN_BLOCK_CAPTURE_AUTORELEASING = YES;
				CLANG_WARN_BOOL_CONVERSION = YES;
				CLANG_WARN_COMMA = YES;
				CLANG_WARN_CONSTANT_CONVERSION = YES;
				CLANG_WARN_DEPRECATED_OBJC_IMPLEMENTATIONS = YES;
				CLANG_WARN_DIRECT_OBJC_ISA_USAGE = YES_ERROR;
				CLANG_WARN_DOCUMENTATION_COMMENTS = YES;
				CLANG_WARN_EMPTY_BODY = YES;
				CLANG_WARN_ENUM_CONVERSION = YES;
				CLANG_WARN_INFINITE_RECURSION = YES;
				CLANG_WARN_INT_CONVERSION = YES;
				CLANG_WARN_NON_LITERAL_NULL_CONVERSION = YES;
				CLANG_WARN_OBJC_IMPLICIT_RETAIN_SELF = YES;
				CLANG_WARN_OBJC_LITERAL_CONVERSION = YES;
				CLANG_WARN_OBJC_ROOT_CLASS = YES_ERROR;
				CLANG_WARN_QUOTED_INCLUDE_IN_FRAMEWORK_HEADER = YES;
				CLANG_WARN_RANGE_LOOP_ANALYSIS = YES;
				CLANG_WARN_STRICT_PROTOTYPES = YES;
				CLANG_WARN_SUSPICIOUS_MOVE = YES;
				CLANG_WARN_UNGUARDED_AVAILABILITY = YES_AGGRESSIVE;
				CLANG_WARN_UNREACHABLE_CODE = YES;
				CLANG_WARN__DUPLICATE_METHOD_MATCH = YES;
				COPY_PHASE_STRIP = NO;
				DEBUG_INFORMATION_FORMAT = "dwarf-with-dsym";
				ENABLE_NS_ASSERTIONS = NO;
				ENABLE_STRICT_OBJC_MSGSEND = YES;
				ENABLE_USER_SCRIPT_SANDBOXING = YES;
				GCC_C_LANGUAGE_STANDARD = gnu17;
				GCC_NO_COMMON_BLOCKS = YES;
				GCC_WARN_64_TO_32_BIT_CONVERSION = YES;
				GCC_WARN_ABOUT_RETURN_TYPE = YES_ERROR;
				GCC_WARN_UNDECLARED_SELECTOR = YES;
				GCC_WARN_UNINITIALIZED_AUTOS = YES_AGGRESSIVE;
				GCC_WARN_UNUSED_FUNCTION = YES;
				GCC_WARN_UNUSED_VARIABLE = YES;
				IPHONEOS_DEPLOYMENT_TARGET = 18.2;
				LOCALIZATION_PREFERS_STRING_CATALOGS = YES;
				MTL_ENABLE_DEBUG_INFO = NO;
				MTL_FAST_MATH = YES;
				SDKROOT = iphoneos;
				SWIFT_COMPILATION_MODE = wholemodule;
				VALIDATE_PRODUCT = YES;
			};
			name = Release;
		};
		D40F700A2D21961A0059B7A7 /* Debug */ = {
			isa = XCBuildConfiguration;
			buildSettings = {
				BUNDLE_LOADER = "$(TEST_HOST)";
				CODE_SIGN_STYLE = Automatic;
				CURRENT_PROJECT_VERSION = 1;
				DEVELOPMENT_TEAM = 3SPAAQ6SK2;
				GENERATE_INFOPLIST_FILE = YES;
				IPHONEOS_DEPLOYMENT_TARGET = 18.2;
				MARKETING_VERSION = 1.0;
				PRODUCT_BUNDLE_IDENTIFIER = com.goedman.MyRecallAppTests;
				PRODUCT_NAME = "$(TARGET_NAME)";
				SWIFT_EMIT_LOC_STRINGS = NO;
				SWIFT_VERSION = 5.0;
				TARGETED_DEVICE_FAMILY = "1,2";
				TEST_HOST = "$(BUILT_PRODUCTS_DIR)/MyRecallApp.app/$(BUNDLE_EXECUTABLE_FOLDER_PATH)/MyRecallApp";
			};
			name = Debug;
		};
		D40F700B2D21961A0059B7A7 /* Release */ = {
			isa = XCBuildConfiguration;
			buildSettings = {
				BUNDLE_LOADER = "$(TEST_HOST)";
				CODE_SIGN_STYLE = Automatic;
				CURRENT_PROJECT_VERSION = 1;
				DEVELOPMENT_TEAM = 3SPAAQ6SK2;
				GENERATE_INFOPLIST_FILE = YES;
				IPHONEOS_DEPLOYMENT_TARGET = 18.2;
				MARKETING_VERSION = 1.0;
				PRODUCT_BUNDLE_IDENTIFIER = com.goedman.MyRecallAppTests;
				PRODUCT_NAME = "$(TARGET_NAME)";
				SWIFT_EMIT_LOC_STRINGS = NO;
				SWIFT_VERSION = 5.0;
				TARGETED_DEVICE_FAMILY = "1,2";
				TEST_HOST = "$(BUILT_PRODUCTS_DIR)/MyRecallApp.app/$(BUNDLE_EXECUTABLE_FOLDER_PATH)/MyRecallApp";
			};
			name = Release;
		};
		D40F700D2D21961A0059B7A7 /* Debug */ = {
			isa = XCBuildConfiguration;
			buildSettings = {
				CODE_SIGN_STYLE = Automatic;
				CURRENT_PROJECT_VERSION = 1;
				DEVELOPMENT_TEAM = 3SPAAQ6SK2;
				GENERATE_INFOPLIST_FILE = YES;
				MARKETING_VERSION = 1.0;
				PRODUCT_BUNDLE_IDENTIFIER = com.goedman.MyRecallAppUITests;
				PRODUCT_NAME = "$(TARGET_NAME)";
				SWIFT_EMIT_LOC_STRINGS = NO;
				SWIFT_VERSION = 5.0;
				TARGETED_DEVICE_FAMILY = "1,2";
				TEST_TARGET_NAME = MyRecallApp;
			};
			name = Debug;
		};
		D40F700E2D21961A0059B7A7 /* Release */ = {
			isa = XCBuildConfiguration;
			buildSettings = {
				CODE_SIGN_STYLE = Automatic;
				CURRENT_PROJECT_VERSION = 1;
				DEVELOPMENT_TEAM = 3SPAAQ6SK2;
				GENERATE_INFOPLIST_FILE = YES;
				MARKETING_VERSION = 1.0;
				PRODUCT_BUNDLE_IDENTIFIER = com.goedman.MyRecallAppUITests;
				PRODUCT_NAME = "$(TARGET_NAME)";
				SWIFT_EMIT_LOC_STRINGS = NO;
				SWIFT_VERSION = 5.0;
				TARGETED_DEVICE_FAMILY = "1,2";
				TEST_TARGET_NAME = MyRecallApp;
			};
			name = Release;
		};
/* End XCBuildConfiguration section */

/* Begin XCConfigurationList section */
		D40F6FD82D2196180059B7A7 /* Build configuration list for PBXProject "MyRecallApp" */ = {
			isa = XCConfigurationList;
			buildConfigurations = (
				D40F70072D21961A0059B7A7 /* Debug */,
				D40F70082D21961A0059B7A7 /* Release */,
			);
			defaultConfigurationIsVisible = 0;
			defaultConfigurationName = Release;
		};
		D40F70042D21961A0059B7A7 /* Build configuration list for PBXNativeTarget "MyRecallApp" */ = {
			isa = XCConfigurationList;
			buildConfigurations = (
				D40F70052D21961A0059B7A7 /* Debug */,
				D40F70062D21961A0059B7A7 /* Release */,
			);
			defaultConfigurationIsVisible = 0;
			defaultConfigurationName = Release;
		};
		D40F70092D21961A0059B7A7 /* Build configuration list for PBXNativeTarget "MyRecallAppTests" */ = {
			isa = XCConfigurationList;
			buildConfigurations = (
				D40F700A2D21961A0059B7A7 /* Debug */,
				D40F700B2D21961A0059B7A7 /* Release */,
			);
			defaultConfigurationIsVisible = 0;
			defaultConfigurationName = Release;
		};
		D40F700C2D21961A0059B7A7 /* Build configuration list for PBXNativeTarget "MyRecallAppUITests" */ = {
			isa = XCConfigurationList;
			buildConfigurations = (
				D40F700D2D21961A0059B7A7 /* Debug */,
				D40F700E2D21961A0059B7A7 /* Release */,
			);
			defaultConfigurationIsVisible = 0;
			defaultConfigurationName = Release;
		};
/* End XCConfigurationList section */
	};
	rootObject = D40F6FD52D2196180059B7A7 /* Project object */;
}
